// !$*UTF8*$!
{
	archiveVersion = 1;
	classes = {
	};
	objectVersion = 46;
	objects = {

/* Begin PBXBuildFile section */
		69027DE61CC9F2A900DD6C3A /* MovieBackdropCollectionViewCell.m in Sources */ = {isa = PBXBuildFile; fileRef = 69027DE31CC9F2A900DD6C3A /* MovieBackdropCollectionViewCell.m */; };
		690D58491BC0962200406ADA /* main.m in Sources */ = {isa = PBXBuildFile; fileRef = 690D58481BC0962200406ADA /* main.m */; };
		690D584C1BC0962200406ADA /* AppDelegate.m in Sources */ = {isa = PBXBuildFile; fileRef = 690D584B1BC0962200406ADA /* AppDelegate.m */; };
		690D584F1BC0962200406ADA /* FirstViewController.m in Sources */ = {isa = PBXBuildFile; fileRef = 690D584E1BC0962200406ADA /* FirstViewController.m */; };
		690D58521BC0962200406ADA /* SecondViewController.m in Sources */ = {isa = PBXBuildFile; fileRef = 690D58511BC0962200406ADA /* SecondViewController.m */; };
		690D58551BC0962200406ADA /* Main.storyboard in Resources */ = {isa = PBXBuildFile; fileRef = 690D58531BC0962200406ADA /* Main.storyboard */; };
		690D58571BC0962200406ADA /* Assets.xcassets in Resources */ = {isa = PBXBuildFile; fileRef = 690D58561BC0962200406ADA /* Assets.xcassets */; };
		690D585A1BC0962200406ADA /* LaunchScreen.storyboard in Resources */ = {isa = PBXBuildFile; fileRef = 690D58581BC0962200406ADA /* LaunchScreen.storyboard */; };
		6916137D1CC5F78F0075A55A /* UserMovieCollectionViewCell.m in Sources */ = {isa = PBXBuildFile; fileRef = 6916137B1CC5F78F0075A55A /* UserMovieCollectionViewCell.m */; };
		6916137E1CC5F78F0075A55A /* UserMovieCollectionViewCell.xib in Resources */ = {isa = PBXBuildFile; fileRef = 6916137C1CC5F78F0075A55A /* UserMovieCollectionViewCell.xib */; };
		6925B9261CB49BAB0023EDCC /* MovieDetailViewController.m in Sources */ = {isa = PBXBuildFile; fileRef = 6925B9241CB49BAB0023EDCC /* MovieDetailViewController.m */; };
		6925B9271CB49BAB0023EDCC /* MovieDetailViewController.xib in Resources */ = {isa = PBXBuildFile; fileRef = 6925B9251CB49BAB0023EDCC /* MovieDetailViewController.xib */; };
		69466A331CC70925002B95B6 /* UserMovieCollectionHeaderView.m in Sources */ = {isa = PBXBuildFile; fileRef = 69466A311CC70925002B95B6 /* UserMovieCollectionHeaderView.m */; };
		6946E5CD1CB31E96007546ED /* SearchResultTableViewCell.xib in Resources */ = {isa = PBXBuildFile; fileRef = 6946E5CC1CB31E96007546ED /* SearchResultTableViewCell.xib */; };
		6946E5D01CB330F0007546ED /* SearchResultTableViewCell.m in Sources */ = {isa = PBXBuildFile; fileRef = 6946E5CF1CB330F0007546ED /* SearchResultTableViewCell.m */; };
		694773091D5802E7004C986F /* MovieMediaViewController.m in Sources */ = {isa = PBXBuildFile; fileRef = 69FCCCC11CCF483D0067420B /* MovieMediaViewController.m */; };
		6947730A1D5802EB004C986F /* ViewController.m in Sources */ = {isa = PBXBuildFile; fileRef = 695FC7F31C3A1B2900AA5B24 /* ViewController.m */; };
		6947730B1D5802EE004C986F /* FirstViewController.m in Sources */ = {isa = PBXBuildFile; fileRef = 690D584E1BC0962200406ADA /* FirstViewController.m */; };
		6947730C1D5802F4004C986F /* SecondViewController.m in Sources */ = {isa = PBXBuildFile; fileRef = 690D58511BC0962200406ADA /* SecondViewController.m */; };
		6947730D1D5802F6004C986F /* SearchResultTableViewCell.m in Sources */ = {isa = PBXBuildFile; fileRef = 6946E5CF1CB330F0007546ED /* SearchResultTableViewCell.m */; };
		6947730E1D5802F9004C986F /* ThirdViewController.m in Sources */ = {isa = PBXBuildFile; fileRef = 699AB2F71C3E3D170066A6C0 /* ThirdViewController.m */; };
		6947730F1D5802FC004C986F /* LoginAlertController.m in Sources */ = {isa = PBXBuildFile; fileRef = 69E002D81CDAF45500F5DBDA /* LoginAlertController.m */; };
		694773101D580300004C986F /* UserMovieCollectionHeaderView.m in Sources */ = {isa = PBXBuildFile; fileRef = 69466A311CC70925002B95B6 /* UserMovieCollectionHeaderView.m */; };
		694773111D580302004C986F /* UserMovieCollectionViewCell.m in Sources */ = {isa = PBXBuildFile; fileRef = 6916137B1CC5F78F0075A55A /* UserMovieCollectionViewCell.m */; };
		694773121D580306004C986F /* PresentViewController.m in Sources */ = {isa = PBXBuildFile; fileRef = 698006DA1C3CC8B400A1494B /* PresentViewController.m */; };
		694773131D580309004C986F /* MovieDetailViewController.m in Sources */ = {isa = PBXBuildFile; fileRef = 6925B9241CB49BAB0023EDCC /* MovieDetailViewController.m */; };
		694773141D580310004C986F /* MovieBackdropCollectionViewCell.m in Sources */ = {isa = PBXBuildFile; fileRef = 69027DE31CC9F2A900DD6C3A /* MovieBackdropCollectionViewCell.m */; };
		694773151D580315004C986F /* LicenseViewController.m in Sources */ = {isa = PBXBuildFile; fileRef = 695F0F851CE1A37F00715526 /* LicenseViewController.m */; };
		694773161D580318004C986F /* AboutTableViewController.m in Sources */ = {isa = PBXBuildFile; fileRef = 694D776D1CE05FB900A1A4F5 /* AboutTableViewController.m */; };
		694773171D58031A004C986F /* RegViewController.m in Sources */ = {isa = PBXBuildFile; fileRef = 6965FFD21CBF4B72009D9AB0 /* RegViewController.m */; };
		694773181D580375004C986F /* MovieDetailViewController.xib in Resources */ = {isa = PBXBuildFile; fileRef = 6925B9251CB49BAB0023EDCC /* MovieDetailViewController.xib */; };
		694773191D580377004C986F /* MovieBackdropCollectionViewCell.xib in Resources */ = {isa = PBXBuildFile; fileRef = 698F02E91CCB43EE00CFEE3A /* MovieBackdropCollectionViewCell.xib */; };
		6947731A1D58037A004C986F /* LicenseViewController.xib in Resources */ = {isa = PBXBuildFile; fileRef = 695F0F861CE1A37F00715526 /* LicenseViewController.xib */; };
		6947731B1D58037C004C986F /* AboutTableViewController.xib in Resources */ = {isa = PBXBuildFile; fileRef = 694D776E1CE05FB900A1A4F5 /* AboutTableViewController.xib */; };
		6947731C1D580384004C986F /* MovieMediaViewController.xib in Resources */ = {isa = PBXBuildFile; fileRef = 69FCCCC21CCF483D0067420B /* MovieMediaViewController.xib */; };
		6947731D1D580389004C986F /* Main.storyboard in Resources */ = {isa = PBXBuildFile; fileRef = 690D58531BC0962200406ADA /* Main.storyboard */; };
		6947731E1D58038F004C986F /* SearchResultTableViewCell.xib in Resources */ = {isa = PBXBuildFile; fileRef = 6946E5CC1CB31E96007546ED /* SearchResultTableViewCell.xib */; };
		6947731F1D58039A004C986F /* PresentViewController.xib in Resources */ = {isa = PBXBuildFile; fileRef = 694D776A1CE0473200A1A4F5 /* PresentViewController.xib */; };
		694773201D58039D004C986F /* UserMovieCollectionViewCell.xib in Resources */ = {isa = PBXBuildFile; fileRef = 6916137C1CC5F78F0075A55A /* UserMovieCollectionViewCell.xib */; };
		694773211D5803A5004C986F /* RegViewController.xib in Resources */ = {isa = PBXBuildFile; fileRef = 6965FFD31CBF4B72009D9AB0 /* RegViewController.xib */; };
		694773221D5803AF004C986F /* LaunchScreen.storyboard in Resources */ = {isa = PBXBuildFile; fileRef = 690D58581BC0962200406ADA /* LaunchScreen.storyboard */; };
		694773231D580404004C986F /* MyMovieApp.xcdatamodeld in Sources */ = {isa = PBXBuildFile; fileRef = 69764BC61C37844900509D09 /* MyMovieApp.xcdatamodeld */; };
		694773261D580410004C986F /* libPods-MyMovieApp.a in Frameworks */ = {isa = PBXBuildFile; fileRef = A3879134C8E5BC01DD945129 /* libPods-MyMovieApp.a */; };
		694773271D58041D004C986F /* Reachability.m in Sources */ = {isa = PBXBuildFile; fileRef = 69F5808F1BC7396900656024 /* Reachability.m */; settings = {COMPILER_FLAGS = "-fno-objc-arc"; }; };
		694773281D580421004C986F /* Constant.m in Sources */ = {isa = PBXBuildFile; fileRef = 69F5809A1BC7487300656024 /* Constant.m */; };
		694773291D580426004C986F /* main.m in Sources */ = {isa = PBXBuildFile; fileRef = 690D58481BC0962200406ADA /* main.m */; };
		6947732A1D580650004C986F /* libxml2.tbd in Frameworks */ = {isa = PBXBuildFile; fileRef = 69668F461BE1CEC200E9D59A /* libxml2.tbd */; };
		6947732B1D580652004C986F /* libz.1.2.5.tbd in Frameworks */ = {isa = PBXBuildFile; fileRef = 69F580981BC73DA900656024 /* libz.1.2.5.tbd */; };
		6947732C1D580654004C986F /* Assets.bundle in Resources */ = {isa = PBXBuildFile; fileRef = 69F8F10D1C3A764100438350 /* Assets.bundle */; };
		6947732D1D580658004C986F /* CoreGraphics.framework in Frameworks */ = {isa = PBXBuildFile; fileRef = 69F580941BC73CB300656024 /* CoreGraphics.framework */; };
		6947732E1D58065A004C986F /* SystemConfiguration.framework in Frameworks */ = {isa = PBXBuildFile; fileRef = 69F580961BC73CBC00656024 /* SystemConfiguration.framework */; };
		6947732F1D58065D004C986F /* MobileCoreServices.framework in Frameworks */ = {isa = PBXBuildFile; fileRef = 69F580921BC73CA100656024 /* MobileCoreServices.framework */; };
		694773301D58067D004C986F /* term.txt in Resources */ = {isa = PBXBuildFile; fileRef = 69496F111CE40C1000B457F7 /* term.txt */; };
		694773311D58067F004C986F /* privacy.txt in Resources */ = {isa = PBXBuildFile; fileRef = 69496F131CE40EB800B457F7 /* privacy.txt */; };
		694773321D580681004C986F /* user.plist in Resources */ = {isa = PBXBuildFile; fileRef = 6965FFC51CBF1883009D9AB0 /* user.plist */; };
		694773331D580684004C986F /* genre.plist in Resources */ = {isa = PBXBuildFile; fileRef = 6977C4F71CCC5D3900DE1188 /* genre.plist */; };
		694773341D580686004C986F /* Assets.xcassets in Resources */ = {isa = PBXBuildFile; fileRef = 690D58561BC0962200406ADA /* Assets.xcassets */; };
		69496F121CE40C1000B457F7 /* term.txt in Resources */ = {isa = PBXBuildFile; fileRef = 69496F111CE40C1000B457F7 /* term.txt */; };
		69496F141CE40EB800B457F7 /* privacy.txt in Resources */ = {isa = PBXBuildFile; fileRef = 69496F131CE40EB800B457F7 /* privacy.txt */; };
		694D776B1CE0473200A1A4F5 /* PresentViewController.xib in Resources */ = {isa = PBXBuildFile; fileRef = 694D776A1CE0473200A1A4F5 /* PresentViewController.xib */; };
		694D776F1CE05FB900A1A4F5 /* AboutTableViewController.m in Sources */ = {isa = PBXBuildFile; fileRef = 694D776D1CE05FB900A1A4F5 /* AboutTableViewController.m */; };
		694D77701CE05FB900A1A4F5 /* AboutTableViewController.xib in Resources */ = {isa = PBXBuildFile; fileRef = 694D776E1CE05FB900A1A4F5 /* AboutTableViewController.xib */; };
		69585E1D1D6F9AF9007B339B /* APICommunicator.m in Sources */ = {isa = PBXBuildFile; fileRef = 69585E1C1D6F9AF9007B339B /* APICommunicator.m */; };
		69585E231D6F9B35007B339B /* DataProcessor.m in Sources */ = {isa = PBXBuildFile; fileRef = 69585E221D6F9B35007B339B /* DataProcessor.m */; };
		69585E261D6FA1FA007B339B /* LoginRequester.m in Sources */ = {isa = PBXBuildFile; fileRef = 69585E251D6FA1FA007B339B /* LoginRequester.m */; };
		695F0F871CE1A37F00715526 /* LicenseViewController.m in Sources */ = {isa = PBXBuildFile; fileRef = 695F0F851CE1A37F00715526 /* LicenseViewController.m */; };
		695F0F881CE1A37F00715526 /* LicenseViewController.xib in Resources */ = {isa = PBXBuildFile; fileRef = 695F0F861CE1A37F00715526 /* LicenseViewController.xib */; };
		695FC7F41C3A1B2900AA5B24 /* ViewController.m in Sources */ = {isa = PBXBuildFile; fileRef = 695FC7F31C3A1B2900AA5B24 /* ViewController.m */; };
		6965FFC61CBF1883009D9AB0 /* user.plist in Resources */ = {isa = PBXBuildFile; fileRef = 6965FFC51CBF1883009D9AB0 /* user.plist */; };
		6965FFD41CBF4B72009D9AB0 /* RegViewController.m in Sources */ = {isa = PBXBuildFile; fileRef = 6965FFD21CBF4B72009D9AB0 /* RegViewController.m */; };
		6965FFD51CBF4B72009D9AB0 /* RegViewController.xib in Resources */ = {isa = PBXBuildFile; fileRef = 6965FFD31CBF4B72009D9AB0 /* RegViewController.xib */; };
		69668F471BE1CEC200E9D59A /* libxml2.tbd in Frameworks */ = {isa = PBXBuildFile; fileRef = 69668F461BE1CEC200E9D59A /* libxml2.tbd */; };
		69764BC81C37844900509D09 /* MyMovieApp.xcdatamodeld in Sources */ = {isa = PBXBuildFile; fileRef = 69764BC61C37844900509D09 /* MyMovieApp.xcdatamodeld */; };
		6977C4F81CCC5D3900DE1188 /* genre.plist in Resources */ = {isa = PBXBuildFile; fileRef = 6977C4F71CCC5D3900DE1188 /* genre.plist */; };
		698006DB1C3CC8B400A1494B /* PresentViewController.m in Sources */ = {isa = PBXBuildFile; fileRef = 698006DA1C3CC8B400A1494B /* PresentViewController.m */; };
		698F02EA1CCB43EE00CFEE3A /* MovieBackdropCollectionViewCell.xib in Resources */ = {isa = PBXBuildFile; fileRef = 698F02E91CCB43EE00CFEE3A /* MovieBackdropCollectionViewCell.xib */; };
		699AB2F81C3E3D170066A6C0 /* ThirdViewController.m in Sources */ = {isa = PBXBuildFile; fileRef = 699AB2F71C3E3D170066A6C0 /* ThirdViewController.m */; };
		69CE5ED31D56767E00EC6730 /* FirstViewControllerTest.m in Sources */ = {isa = PBXBuildFile; fileRef = 69CE5ED21D56767E00EC6730 /* FirstViewControllerTest.m */; };
		69E002DA1CDAF45500F5DBDA /* LoginAlertController.m in Sources */ = {isa = PBXBuildFile; fileRef = 69E002D81CDAF45500F5DBDA /* LoginAlertController.m */; };
		69F580901BC7396900656024 /* Reachability.m in Sources */ = {isa = PBXBuildFile; fileRef = 69F5808F1BC7396900656024 /* Reachability.m */; settings = {COMPILER_FLAGS = "-fno-objc-arc"; }; };
		69F580931BC73CA100656024 /* MobileCoreServices.framework in Frameworks */ = {isa = PBXBuildFile; fileRef = 69F580921BC73CA100656024 /* MobileCoreServices.framework */; };
		69F580951BC73CB300656024 /* CoreGraphics.framework in Frameworks */ = {isa = PBXBuildFile; fileRef = 69F580941BC73CB300656024 /* CoreGraphics.framework */; };
		69F580971BC73CBC00656024 /* SystemConfiguration.framework in Frameworks */ = {isa = PBXBuildFile; fileRef = 69F580961BC73CBC00656024 /* SystemConfiguration.framework */; };
		69F580991BC73DA900656024 /* libz.1.2.5.tbd in Frameworks */ = {isa = PBXBuildFile; fileRef = 69F580981BC73DA900656024 /* libz.1.2.5.tbd */; };
		69F5809B1BC7487300656024 /* Constant.m in Sources */ = {isa = PBXBuildFile; fileRef = 69F5809A1BC7487300656024 /* Constant.m */; };
		69F8F10E1C3A764100438350 /* Assets.bundle in Resources */ = {isa = PBXBuildFile; fileRef = 69F8F10D1C3A764100438350 /* Assets.bundle */; };
		69FCCCC31CCF483D0067420B /* MovieMediaViewController.m in Sources */ = {isa = PBXBuildFile; fileRef = 69FCCCC11CCF483D0067420B /* MovieMediaViewController.m */; };
		69FCCCC41CCF483D0067420B /* MovieMediaViewController.xib in Resources */ = {isa = PBXBuildFile; fileRef = 69FCCCC21CCF483D0067420B /* MovieMediaViewController.xib */; };
		BFA44ACBC84EB8F5F5815235 /* libPods-MyMovieApp.a in Frameworks */ = {isa = PBXBuildFile; fileRef = A3879134C8E5BC01DD945129 /* libPods-MyMovieApp.a */; };
/* End PBXBuildFile section */

/* Begin PBXContainerItemProxy section */
		69CE5ECD1D56762D00EC6730 /* PBXContainerItemProxy */ = {
			isa = PBXContainerItemProxy;
			containerPortal = 690D583C1BC0962200406ADA /* Project object */;
			proxyType = 1;
			remoteGlobalIDString = 690D58431BC0962200406ADA;
			remoteInfo = MyMovieApp;
		};
/* End PBXContainerItemProxy section */

/* Begin PBXFileReference section */
		69027DE31CC9F2A900DD6C3A /* MovieBackdropCollectionViewCell.m */ = {isa = PBXFileReference; fileEncoding = 4; lastKnownFileType = sourcecode.c.objc; path = MovieBackdropCollectionViewCell.m; sourceTree = "<group>"; };
		69027DE91CC9F30E00DD6C3A /* MovieBackdropCollectionViewCell.h */ = {isa = PBXFileReference; lastKnownFileType = sourcecode.c.h; path = MovieBackdropCollectionViewCell.h; sourceTree = "<group>"; };
		690D58441BC0962200406ADA /* MyMovieApp.app */ = {isa = PBXFileReference; explicitFileType = wrapper.application; includeInIndex = 0; path = MyMovieApp.app; sourceTree = BUILT_PRODUCTS_DIR; };
		690D58481BC0962200406ADA /* main.m */ = {isa = PBXFileReference; lastKnownFileType = sourcecode.c.objc; path = main.m; sourceTree = "<group>"; };
		690D584A1BC0962200406ADA /* AppDelegate.h */ = {isa = PBXFileReference; lastKnownFileType = sourcecode.c.h; path = AppDelegate.h; sourceTree = "<group>"; };
		690D584B1BC0962200406ADA /* AppDelegate.m */ = {isa = PBXFileReference; lastKnownFileType = sourcecode.c.objc; path = AppDelegate.m; sourceTree = "<group>"; };
		690D584D1BC0962200406ADA /* FirstViewController.h */ = {isa = PBXFileReference; lastKnownFileType = sourcecode.c.h; path = FirstViewController.h; sourceTree = "<group>"; };
		690D584E1BC0962200406ADA /* FirstViewController.m */ = {isa = PBXFileReference; lastKnownFileType = sourcecode.c.objc; path = FirstViewController.m; sourceTree = "<group>"; };
		690D58501BC0962200406ADA /* SecondViewController.h */ = {isa = PBXFileReference; lastKnownFileType = sourcecode.c.h; path = SecondViewController.h; sourceTree = "<group>"; };
		690D58511BC0962200406ADA /* SecondViewController.m */ = {isa = PBXFileReference; lastKnownFileType = sourcecode.c.objc; path = SecondViewController.m; sourceTree = "<group>"; };
		690D58541BC0962200406ADA /* Base */ = {isa = PBXFileReference; lastKnownFileType = file.storyboard; name = Base; path = Base.lproj/Main.storyboard; sourceTree = "<group>"; };
		690D58561BC0962200406ADA /* Assets.xcassets */ = {isa = PBXFileReference; lastKnownFileType = folder.assetcatalog; path = Assets.xcassets; sourceTree = "<group>"; };
		690D58591BC0962200406ADA /* Base */ = {isa = PBXFileReference; lastKnownFileType = file.storyboard; name = Base; path = Base.lproj/LaunchScreen.storyboard; sourceTree = "<group>"; };
		690D585B1BC0962200406ADA /* Info.plist */ = {isa = PBXFileReference; lastKnownFileType = text.plist.xml; path = Info.plist; sourceTree = "<group>"; };
		690D58971BC0CDB700406ADA /* Constant.h */ = {isa = PBXFileReference; lastKnownFileType = sourcecode.c.h; path = Constant.h; sourceTree = "<group>"; };
		6916137A1CC5F78F0075A55A /* UserMovieCollectionViewCell.h */ = {isa = PBXFileReference; fileEncoding = 4; lastKnownFileType = sourcecode.c.h; path = UserMovieCollectionViewCell.h; sourceTree = "<group>"; };
		6916137B1CC5F78F0075A55A /* UserMovieCollectionViewCell.m */ = {isa = PBXFileReference; fileEncoding = 4; lastKnownFileType = sourcecode.c.objc; path = UserMovieCollectionViewCell.m; sourceTree = "<group>"; };
		6916137C1CC5F78F0075A55A /* UserMovieCollectionViewCell.xib */ = {isa = PBXFileReference; fileEncoding = 4; lastKnownFileType = file.xib; path = UserMovieCollectionViewCell.xib; sourceTree = "<group>"; };
		6925B9231CB49BAB0023EDCC /* MovieDetailViewController.h */ = {isa = PBXFileReference; fileEncoding = 4; lastKnownFileType = sourcecode.c.h; path = MovieDetailViewController.h; sourceTree = "<group>"; };
		6925B9241CB49BAB0023EDCC /* MovieDetailViewController.m */ = {isa = PBXFileReference; fileEncoding = 4; lastKnownFileType = sourcecode.c.objc; path = MovieDetailViewController.m; sourceTree = "<group>"; };
		6925B9251CB49BAB0023EDCC /* MovieDetailViewController.xib */ = {isa = PBXFileReference; fileEncoding = 4; lastKnownFileType = file.xib; path = MovieDetailViewController.xib; sourceTree = "<group>"; };
		69466A301CC70925002B95B6 /* UserMovieCollectionHeaderView.h */ = {isa = PBXFileReference; fileEncoding = 4; lastKnownFileType = sourcecode.c.h; path = UserMovieCollectionHeaderView.h; sourceTree = "<group>"; };
		69466A311CC70925002B95B6 /* UserMovieCollectionHeaderView.m */ = {isa = PBXFileReference; fileEncoding = 4; lastKnownFileType = sourcecode.c.objc; path = UserMovieCollectionHeaderView.m; sourceTree = "<group>"; };
		6946E5CC1CB31E96007546ED /* SearchResultTableViewCell.xib */ = {isa = PBXFileReference; fileEncoding = 4; lastKnownFileType = file.xib; path = SearchResultTableViewCell.xib; sourceTree = "<group>"; };
		6946E5CE1CB330F0007546ED /* SearchResultTableViewCell.h */ = {isa = PBXFileReference; fileEncoding = 4; lastKnownFileType = sourcecode.c.h; path = SearchResultTableViewCell.h; sourceTree = "<group>"; };
		6946E5CF1CB330F0007546ED /* SearchResultTableViewCell.m */ = {isa = PBXFileReference; fileEncoding = 4; lastKnownFileType = sourcecode.c.objc; path = SearchResultTableViewCell.m; sourceTree = "<group>"; };
		69496F111CE40C1000B457F7 /* term.txt */ = {isa = PBXFileReference; fileEncoding = 4; lastKnownFileType = text; path = term.txt; sourceTree = "<group>"; };
		69496F131CE40EB800B457F7 /* privacy.txt */ = {isa = PBXFileReference; fileEncoding = 4; lastKnownFileType = text; path = privacy.txt; sourceTree = "<group>"; };
		694D776A1CE0473200A1A4F5 /* PresentViewController.xib */ = {isa = PBXFileReference; fileEncoding = 4; lastKnownFileType = file.xib; path = PresentViewController.xib; sourceTree = "<group>"; };
		694D776C1CE05FB900A1A4F5 /* AboutTableViewController.h */ = {isa = PBXFileReference; fileEncoding = 4; lastKnownFileType = sourcecode.c.h; path = AboutTableViewController.h; sourceTree = "<group>"; };
		694D776D1CE05FB900A1A4F5 /* AboutTableViewController.m */ = {isa = PBXFileReference; fileEncoding = 4; lastKnownFileType = sourcecode.c.objc; path = AboutTableViewController.m; sourceTree = "<group>"; };
		694D776E1CE05FB900A1A4F5 /* AboutTableViewController.xib */ = {isa = PBXFileReference; fileEncoding = 4; lastKnownFileType = file.xib; path = AboutTableViewController.xib; sourceTree = "<group>"; };
		69585E1B1D6F9AF9007B339B /* APICommunicator.h */ = {isa = PBXFileReference; fileEncoding = 4; lastKnownFileType = sourcecode.c.h; path = APICommunicator.h; sourceTree = "<group>"; };
		69585E1C1D6F9AF9007B339B /* APICommunicator.m */ = {isa = PBXFileReference; fileEncoding = 4; lastKnownFileType = sourcecode.c.objc; path = APICommunicator.m; sourceTree = "<group>"; };
		69585E211D6F9B35007B339B /* DataProcessor.h */ = {isa = PBXFileReference; fileEncoding = 4; lastKnownFileType = sourcecode.c.h; path = DataProcessor.h; sourceTree = "<group>"; };
		69585E221D6F9B35007B339B /* DataProcessor.m */ = {isa = PBXFileReference; fileEncoding = 4; lastKnownFileType = sourcecode.c.objc; path = DataProcessor.m; sourceTree = "<group>"; };
		69585E241D6FA1FA007B339B /* LoginRequester.h */ = {isa = PBXFileReference; fileEncoding = 4; lastKnownFileType = sourcecode.c.h; path = LoginRequester.h; sourceTree = "<group>"; };
		69585E251D6FA1FA007B339B /* LoginRequester.m */ = {isa = PBXFileReference; fileEncoding = 4; lastKnownFileType = sourcecode.c.objc; path = LoginRequester.m; sourceTree = "<group>"; };
		695F0F841CE1A37F00715526 /* LicenseViewController.h */ = {isa = PBXFileReference; fileEncoding = 4; lastKnownFileType = sourcecode.c.h; path = LicenseViewController.h; sourceTree = "<group>"; };
		695F0F851CE1A37F00715526 /* LicenseViewController.m */ = {isa = PBXFileReference; fileEncoding = 4; lastKnownFileType = sourcecode.c.objc; path = LicenseViewController.m; sourceTree = "<group>"; };
		695F0F861CE1A37F00715526 /* LicenseViewController.xib */ = {isa = PBXFileReference; fileEncoding = 4; lastKnownFileType = file.xib; path = LicenseViewController.xib; sourceTree = "<group>"; };
		695FC7F21C3A1B2900AA5B24 /* ViewController.h */ = {isa = PBXFileReference; fileEncoding = 4; lastKnownFileType = sourcecode.c.h; path = ViewController.h; sourceTree = "<group>"; };
		695FC7F31C3A1B2900AA5B24 /* ViewController.m */ = {isa = PBXFileReference; fileEncoding = 4; lastKnownFileType = sourcecode.c.objc; path = ViewController.m; sourceTree = "<group>"; };
		695FC7FB1C3A5CDF00AA5B24 /* MediaPlayer.framework */ = {isa = PBXFileReference; lastKnownFileType = wrapper.framework; name = MediaPlayer.framework; path = System/Library/Frameworks/MediaPlayer.framework; sourceTree = SDKROOT; };
		6965FFC51CBF1883009D9AB0 /* user.plist */ = {isa = PBXFileReference; fileEncoding = 4; lastKnownFileType = text.plist.xml; path = user.plist; sourceTree = "<group>"; };
		6965FFD11CBF4B72009D9AB0 /* RegViewController.h */ = {isa = PBXFileReference; fileEncoding = 4; lastKnownFileType = sourcecode.c.h; path = RegViewController.h; sourceTree = "<group>"; };
		6965FFD21CBF4B72009D9AB0 /* RegViewController.m */ = {isa = PBXFileReference; fileEncoding = 4; lastKnownFileType = sourcecode.c.objc; path = RegViewController.m; sourceTree = "<group>"; };
		6965FFD31CBF4B72009D9AB0 /* RegViewController.xib */ = {isa = PBXFileReference; fileEncoding = 4; lastKnownFileType = file.xib; path = RegViewController.xib; sourceTree = "<group>"; };
		69668F461BE1CEC200E9D59A /* libxml2.tbd */ = {isa = PBXFileReference; lastKnownFileType = "sourcecode.text-based-dylib-definition"; name = libxml2.tbd; path = usr/lib/libxml2.tbd; sourceTree = SDKROOT; };
		69764BC71C37844900509D09 /* MyMovieApp.xcdatamodel */ = {isa = PBXFileReference; lastKnownFileType = wrapper.xcdatamodel; path = MyMovieApp.xcdatamodel; sourceTree = "<group>"; };
		6977C4F71CCC5D3900DE1188 /* genre.plist */ = {isa = PBXFileReference; fileEncoding = 4; lastKnownFileType = text.plist.xml; path = genre.plist; sourceTree = "<group>"; };
		698006D91C3CC8B400A1494B /* PresentViewController.h */ = {isa = PBXFileReference; fileEncoding = 4; lastKnownFileType = sourcecode.c.h; path = PresentViewController.h; sourceTree = "<group>"; };
		698006DA1C3CC8B400A1494B /* PresentViewController.m */ = {isa = PBXFileReference; fileEncoding = 4; lastKnownFileType = sourcecode.c.objc; path = PresentViewController.m; sourceTree = "<group>"; };
		698F02E91CCB43EE00CFEE3A /* MovieBackdropCollectionViewCell.xib */ = {isa = PBXFileReference; fileEncoding = 4; lastKnownFileType = file.xib; path = MovieBackdropCollectionViewCell.xib; sourceTree = "<group>"; };
		699AB2F61C3E3D170066A6C0 /* ThirdViewController.h */ = {isa = PBXFileReference; fileEncoding = 4; lastKnownFileType = sourcecode.c.h; path = ThirdViewController.h; sourceTree = "<group>"; };
		699AB2F71C3E3D170066A6C0 /* ThirdViewController.m */ = {isa = PBXFileReference; fileEncoding = 4; lastKnownFileType = sourcecode.c.objc; path = ThirdViewController.m; sourceTree = "<group>"; };
		69CE5EC81D56762D00EC6730 /* MyMovieAppTests.xctest */ = {isa = PBXFileReference; explicitFileType = wrapper.cfbundle; includeInIndex = 0; path = MyMovieAppTests.xctest; sourceTree = BUILT_PRODUCTS_DIR; };
		69CE5ECC1D56762D00EC6730 /* Info.plist */ = {isa = PBXFileReference; lastKnownFileType = text.plist.xml; path = Info.plist; sourceTree = "<group>"; };
		69CE5ED21D56767E00EC6730 /* FirstViewControllerTest.m */ = {isa = PBXFileReference; fileEncoding = 4; lastKnownFileType = sourcecode.c.objc; path = FirstViewControllerTest.m; sourceTree = "<group>"; };
		69E002D71CDAF45500F5DBDA /* LoginAlertController.h */ = {isa = PBXFileReference; fileEncoding = 4; lastKnownFileType = sourcecode.c.h; path = LoginAlertController.h; sourceTree = "<group>"; };
		69E002D81CDAF45500F5DBDA /* LoginAlertController.m */ = {isa = PBXFileReference; fileEncoding = 4; lastKnownFileType = sourcecode.c.objc; path = LoginAlertController.m; sourceTree = "<group>"; };
		69F5808E1BC7396900656024 /* Reachability.h */ = {isa = PBXFileReference; fileEncoding = 4; lastKnownFileType = sourcecode.c.h; path = Reachability.h; sourceTree = "<group>"; };
		69F5808F1BC7396900656024 /* Reachability.m */ = {isa = PBXFileReference; fileEncoding = 4; lastKnownFileType = sourcecode.c.objc; path = Reachability.m; sourceTree = "<group>"; };
		69F580921BC73CA100656024 /* MobileCoreServices.framework */ = {isa = PBXFileReference; lastKnownFileType = wrapper.framework; name = MobileCoreServices.framework; path = System/Library/Frameworks/MobileCoreServices.framework; sourceTree = SDKROOT; };
		69F580941BC73CB300656024 /* CoreGraphics.framework */ = {isa = PBXFileReference; lastKnownFileType = wrapper.framework; name = CoreGraphics.framework; path = System/Library/Frameworks/CoreGraphics.framework; sourceTree = SDKROOT; };
		69F580961BC73CBC00656024 /* SystemConfiguration.framework */ = {isa = PBXFileReference; lastKnownFileType = wrapper.framework; name = SystemConfiguration.framework; path = System/Library/Frameworks/SystemConfiguration.framework; sourceTree = SDKROOT; };
		69F580981BC73DA900656024 /* libz.1.2.5.tbd */ = {isa = PBXFileReference; lastKnownFileType = "sourcecode.text-based-dylib-definition"; name = libz.1.2.5.tbd; path = usr/lib/libz.1.2.5.tbd; sourceTree = SDKROOT; };
		69F5809A1BC7487300656024 /* Constant.m */ = {isa = PBXFileReference; fileEncoding = 4; lastKnownFileType = sourcecode.c.objc; path = Constant.m; sourceTree = "<group>"; };
		69F8F10D1C3A764100438350 /* Assets.bundle */ = {isa = PBXFileReference; lastKnownFileType = "wrapper.plug-in"; path = Assets.bundle; sourceTree = "<group>"; };
		69FCCCC01CCF483D0067420B /* MovieMediaViewController.h */ = {isa = PBXFileReference; fileEncoding = 4; lastKnownFileType = sourcecode.c.h; path = MovieMediaViewController.h; sourceTree = "<group>"; };
		69FCCCC11CCF483D0067420B /* MovieMediaViewController.m */ = {isa = PBXFileReference; fileEncoding = 4; lastKnownFileType = sourcecode.c.objc; path = MovieMediaViewController.m; sourceTree = "<group>"; };
		69FCCCC21CCF483D0067420B /* MovieMediaViewController.xib */ = {isa = PBXFileReference; fileEncoding = 4; lastKnownFileType = file.xib; path = MovieMediaViewController.xib; sourceTree = "<group>"; };
		7E07A5864759464E2E821440 /* Pods-MyMovieApp.debug.xcconfig */ = {isa = PBXFileReference; includeInIndex = 1; lastKnownFileType = text.xcconfig; name = "Pods-MyMovieApp.debug.xcconfig"; path = "Pods/Target Support Files/Pods-MyMovieApp/Pods-MyMovieApp.debug.xcconfig"; sourceTree = "<group>"; };
		8ABB8052FAD66F22F2712F70 /* Pods-MyMovieApp.release.xcconfig */ = {isa = PBXFileReference; includeInIndex = 1; lastKnownFileType = text.xcconfig; name = "Pods-MyMovieApp.release.xcconfig"; path = "Pods/Target Support Files/Pods-MyMovieApp/Pods-MyMovieApp.release.xcconfig"; sourceTree = "<group>"; };
		A3879134C8E5BC01DD945129 /* libPods-MyMovieApp.a */ = {isa = PBXFileReference; explicitFileType = archive.ar; includeInIndex = 0; path = "libPods-MyMovieApp.a"; sourceTree = BUILT_PRODUCTS_DIR; };
/* End PBXFileReference section */

/* Begin PBXFrameworksBuildPhase section */
		690D58411BC0962200406ADA /* Frameworks */ = {
			isa = PBXFrameworksBuildPhase;
			buildActionMask = 2147483647;
			files = (
				69668F471BE1CEC200E9D59A /* libxml2.tbd in Frameworks */,
				69F580991BC73DA900656024 /* libz.1.2.5.tbd in Frameworks */,
				69F580971BC73CBC00656024 /* SystemConfiguration.framework in Frameworks */,
				69F580951BC73CB300656024 /* CoreGraphics.framework in Frameworks */,
				69F580931BC73CA100656024 /* MobileCoreServices.framework in Frameworks */,
				BFA44ACBC84EB8F5F5815235 /* libPods-MyMovieApp.a in Frameworks */,
			);
			runOnlyForDeploymentPostprocessing = 0;
		};
		69CE5EC51D56762D00EC6730 /* Frameworks */ = {
			isa = PBXFrameworksBuildPhase;
			buildActionMask = 2147483647;
			files = (
				6947732D1D580658004C986F /* CoreGraphics.framework in Frameworks */,
				6947732E1D58065A004C986F /* SystemConfiguration.framework in Frameworks */,
				694773261D580410004C986F /* libPods-MyMovieApp.a in Frameworks */,
				6947732F1D58065D004C986F /* MobileCoreServices.framework in Frameworks */,
				6947732B1D580652004C986F /* libz.1.2.5.tbd in Frameworks */,
				6947732A1D580650004C986F /* libxml2.tbd in Frameworks */,
			);
			runOnlyForDeploymentPostprocessing = 0;
		};
/* End PBXFrameworksBuildPhase section */

/* Begin PBXGroup section */
		21C517F808E178F25E39C080 /* Pods */ = {
			isa = PBXGroup;
			children = (
				7E07A5864759464E2E821440 /* Pods-MyMovieApp.debug.xcconfig */,
				8ABB8052FAD66F22F2712F70 /* Pods-MyMovieApp.release.xcconfig */,
			);
			name = Pods;
			sourceTree = "<group>";
		};
		341256DFED036D442C6A0643 /* Frameworks */ = {
			isa = PBXGroup;
			children = (
				69668F461BE1CEC200E9D59A /* libxml2.tbd */,
				69F580981BC73DA900656024 /* libz.1.2.5.tbd */,
				69F8F10D1C3A764100438350 /* Assets.bundle */,
				69F580961BC73CBC00656024 /* SystemConfiguration.framework */,
				69F580941BC73CB300656024 /* CoreGraphics.framework */,
				69F580921BC73CA100656024 /* MobileCoreServices.framework */,
				695FC7FB1C3A5CDF00AA5B24 /* MediaPlayer.framework */,
				A3879134C8E5BC01DD945129 /* libPods-MyMovieApp.a */,
			);
			name = Frameworks;
			sourceTree = "<group>";
		};
		690D583B1BC0962200406ADA = {
			isa = PBXGroup;
			children = (
				69CE5EC91D56762D00EC6730 /* MyMovieAppTests */,
				690D58451BC0962200406ADA /* Products */,
				690D58461BC0962200406ADA /* MyMovieApp */,
				21C517F808E178F25E39C080 /* Pods */,
				341256DFED036D442C6A0643 /* Frameworks */,
			);
			sourceTree = "<group>";
		};
		690D58451BC0962200406ADA /* Products */ = {
			isa = PBXGroup;
			children = (
				690D58441BC0962200406ADA /* MyMovieApp.app */,
				69CE5EC81D56762D00EC6730 /* MyMovieAppTests.xctest */,
			);
			name = Products;
			sourceTree = "<group>";
		};
		690D58461BC0962200406ADA /* MyMovieApp */ = {
			isa = PBXGroup;
			children = (
				690D584A1BC0962200406ADA /* AppDelegate.h */,
				690D584B1BC0962200406ADA /* AppDelegate.m */,
				69585E1B1D6F9AF9007B339B /* APICommunicator.h */,
				69585E1C1D6F9AF9007B339B /* APICommunicator.m */,
				69585E211D6F9B35007B339B /* DataProcessor.h */,
				69585E221D6F9B35007B339B /* DataProcessor.m */,
				69585E241D6FA1FA007B339B /* LoginRequester.h */,
				69585E251D6FA1FA007B339B /* LoginRequester.m */,
				69FCCCC01CCF483D0067420B /* MovieMediaViewController.h */,
				69FCCCC11CCF483D0067420B /* MovieMediaViewController.m */,
				69FCCCC21CCF483D0067420B /* MovieMediaViewController.xib */,
				695FC7F21C3A1B2900AA5B24 /* ViewController.h */,
				695FC7F31C3A1B2900AA5B24 /* ViewController.m */,
				690D58531BC0962200406ADA /* Main.storyboard */,
				690D584D1BC0962200406ADA /* FirstViewController.h */,
				690D584E1BC0962200406ADA /* FirstViewController.m */,
				690D58501BC0962200406ADA /* SecondViewController.h */,
				690D58511BC0962200406ADA /* SecondViewController.m */,
				6946E5CE1CB330F0007546ED /* SearchResultTableViewCell.h */,
				6946E5CF1CB330F0007546ED /* SearchResultTableViewCell.m */,
				6946E5CC1CB31E96007546ED /* SearchResultTableViewCell.xib */,
				699AB2F61C3E3D170066A6C0 /* ThirdViewController.h */,
				699AB2F71C3E3D170066A6C0 /* ThirdViewController.m */,
				69E002D71CDAF45500F5DBDA /* LoginAlertController.h */,
				69E002D81CDAF45500F5DBDA /* LoginAlertController.m */,
				69466A301CC70925002B95B6 /* UserMovieCollectionHeaderView.h */,
				69466A311CC70925002B95B6 /* UserMovieCollectionHeaderView.m */,
				6916137A1CC5F78F0075A55A /* UserMovieCollectionViewCell.h */,
				6916137B1CC5F78F0075A55A /* UserMovieCollectionViewCell.m */,
				6916137C1CC5F78F0075A55A /* UserMovieCollectionViewCell.xib */,
				698006D91C3CC8B400A1494B /* PresentViewController.h */,
				698006DA1C3CC8B400A1494B /* PresentViewController.m */,
				694D776A1CE0473200A1A4F5 /* PresentViewController.xib */,
				6925B9231CB49BAB0023EDCC /* MovieDetailViewController.h */,
				6925B9241CB49BAB0023EDCC /* MovieDetailViewController.m */,
				6925B9251CB49BAB0023EDCC /* MovieDetailViewController.xib */,
				69027DE91CC9F30E00DD6C3A /* MovieBackdropCollectionViewCell.h */,
				69027DE31CC9F2A900DD6C3A /* MovieBackdropCollectionViewCell.m */,
				698F02E91CCB43EE00CFEE3A /* MovieBackdropCollectionViewCell.xib */,
				6965FFD11CBF4B72009D9AB0 /* RegViewController.h */,
				6965FFD21CBF4B72009D9AB0 /* RegViewController.m */,
				6965FFD31CBF4B72009D9AB0 /* RegViewController.xib */,
				694D776C1CE05FB900A1A4F5 /* AboutTableViewController.h */,
				694D776D1CE05FB900A1A4F5 /* AboutTableViewController.m */,
				694D776E1CE05FB900A1A4F5 /* AboutTableViewController.xib */,
				695F0F841CE1A37F00715526 /* LicenseViewController.h */,
				695F0F851CE1A37F00715526 /* LicenseViewController.m */,
				695F0F861CE1A37F00715526 /* LicenseViewController.xib */,
				690D58561BC0962200406ADA /* Assets.xcassets */,
				690D58581BC0962200406ADA /* LaunchScreen.storyboard */,
				690D585B1BC0962200406ADA /* Info.plist */,
				6965FFC51CBF1883009D9AB0 /* user.plist */,
				6977C4F71CCC5D3900DE1188 /* genre.plist */,
				69496F111CE40C1000B457F7 /* term.txt */,
				69496F131CE40EB800B457F7 /* privacy.txt */,
				69F580711BC738CD00656024 /* HttpRequest */,
				690D58641BC0A8B000406ADA /* Constant */,
				690D58471BC0962200406ADA /* Supporting Files */,
				69764BC61C37844900509D09 /* MyMovieApp.xcdatamodeld */,
			);
			path = MyMovieApp;
			sourceTree = "<group>";
		};
		690D58471BC0962200406ADA /* Supporting Files */ = {
			isa = PBXGroup;
			children = (
				690D58481BC0962200406ADA /* main.m */,
			);
			name = "Supporting Files";
			sourceTree = "<group>";
		};
		690D58641BC0A8B000406ADA /* Constant */ = {
			isa = PBXGroup;
			children = (
				690D58971BC0CDB700406ADA /* Constant.h */,
				69F5809A1BC7487300656024 /* Constant.m */,
			);
			name = Constant;
			sourceTree = "<group>";
		};
		69CE5EC91D56762D00EC6730 /* MyMovieAppTests */ = {
			isa = PBXGroup;
			children = (
				69CE5ED21D56767E00EC6730 /* FirstViewControllerTest.m */,
				69CE5ECC1D56762D00EC6730 /* Info.plist */,
			);
			path = MyMovieAppTests;
			sourceTree = "<group>";
		};
		69F580711BC738CD00656024 /* HttpRequest */ = {
			isa = PBXGroup;
			children = (
				69F5808E1BC7396900656024 /* Reachability.h */,
				69F5808F1BC7396900656024 /* Reachability.m */,
			);
			name = HttpRequest;
			sourceTree = "<group>";
		};
/* End PBXGroup section */

/* Begin PBXNativeTarget section */
		690D58431BC0962200406ADA /* MyMovieApp */ = {
			isa = PBXNativeTarget;
			buildConfigurationList = 690D585E1BC0962200406ADA /* Build configuration list for PBXNativeTarget "MyMovieApp" */;
			buildPhases = (
				7768D8130C8834525463AA84 /* Check Pods Manifest.lock */,
				690D58401BC0962200406ADA /* Sources */,
				690D58411BC0962200406ADA /* Frameworks */,
				690D58421BC0962200406ADA /* Resources */,
				64C5515F09C5321FA5ABA752 /* Embed Pods Frameworks */,
				8EA1C72735D702114D850DC8 /* Copy Pods Resources */,
			);
			buildRules = (
			);
			dependencies = (
			);
			name = MyMovieApp;
			productName = MyMovieApp;
			productReference = 690D58441BC0962200406ADA /* MyMovieApp.app */;
			productType = "com.apple.product-type.application";
		};
		69CE5EC71D56762D00EC6730 /* MyMovieAppTests */ = {
			isa = PBXNativeTarget;
			buildConfigurationList = 69CE5ECF1D56762D00EC6730 /* Build configuration list for PBXNativeTarget "MyMovieAppTests" */;
			buildPhases = (
				69CE5EC41D56762D00EC6730 /* Sources */,
				69CE5EC51D56762D00EC6730 /* Frameworks */,
				69CE5EC61D56762D00EC6730 /* Resources */,
			);
			buildRules = (
			);
			dependencies = (
				69CE5ECE1D56762D00EC6730 /* PBXTargetDependency */,
			);
			name = MyMovieAppTests;
			productName = MyMovieAppTests;
			productReference = 69CE5EC81D56762D00EC6730 /* MyMovieAppTests.xctest */;
			productType = "com.apple.product-type.bundle.unit-test";
		};
/* End PBXNativeTarget section */

/* Begin PBXProject section */
		690D583C1BC0962200406ADA /* Project object */ = {
			isa = PBXProject;
			attributes = {
				LastUpgradeCheck = 0700;
				ORGANIZATIONNAME = "YANGSHENG ZOU";
				TargetAttributes = {
					690D58431BC0962200406ADA = {
						CreatedOnToolsVersion = 7.0.1;
						DevelopmentTeam = M9KWKR5F39;
					};
					69CE5EC71D56762D00EC6730 = {
						CreatedOnToolsVersion = 7.3.1;
						TestTargetID = 690D58431BC0962200406ADA;
					};
				};
			};
			buildConfigurationList = 690D583F1BC0962200406ADA /* Build configuration list for PBXProject "MyMovieApp" */;
			compatibilityVersion = "Xcode 3.2";
			developmentRegion = English;
			hasScannedForEncodings = 0;
			knownRegions = (
				en,
				Base,
			);
			mainGroup = 690D583B1BC0962200406ADA;
			productRefGroup = 690D58451BC0962200406ADA /* Products */;
			projectDirPath = "";
			projectRoot = "";
			targets = (
				690D58431BC0962200406ADA /* MyMovieApp */,
				69CE5EC71D56762D00EC6730 /* MyMovieAppTests */,
			);
		};
/* End PBXProject section */

/* Begin PBXResourcesBuildPhase section */
		690D58421BC0962200406ADA /* Resources */ = {
			isa = PBXResourcesBuildPhase;
			buildActionMask = 2147483647;
			files = (
				695F0F881CE1A37F00715526 /* LicenseViewController.xib in Resources */,
				69FCCCC41CCF483D0067420B /* MovieMediaViewController.xib in Resources */,
				694D77701CE05FB900A1A4F5 /* AboutTableViewController.xib in Resources */,
				6946E5CD1CB31E96007546ED /* SearchResultTableViewCell.xib in Resources */,
				69F8F10E1C3A764100438350 /* Assets.bundle in Resources */,
				690D585A1BC0962200406ADA /* LaunchScreen.storyboard in Resources */,
				690D58571BC0962200406ADA /* Assets.xcassets in Resources */,
				694D776B1CE0473200A1A4F5 /* PresentViewController.xib in Resources */,
				6965FFD51CBF4B72009D9AB0 /* RegViewController.xib in Resources */,
				6977C4F81CCC5D3900DE1188 /* genre.plist in Resources */,
				698F02EA1CCB43EE00CFEE3A /* MovieBackdropCollectionViewCell.xib in Resources */,
				6965FFC61CBF1883009D9AB0 /* user.plist in Resources */,
				69496F121CE40C1000B457F7 /* term.txt in Resources */,
				6925B9271CB49BAB0023EDCC /* MovieDetailViewController.xib in Resources */,
				6916137E1CC5F78F0075A55A /* UserMovieCollectionViewCell.xib in Resources */,
				69496F141CE40EB800B457F7 /* privacy.txt in Resources */,
				690D58551BC0962200406ADA /* Main.storyboard in Resources */,
			);
			runOnlyForDeploymentPostprocessing = 0;
		};
		69CE5EC61D56762D00EC6730 /* Resources */ = {
			isa = PBXResourcesBuildPhase;
			buildActionMask = 2147483647;
			files = (
				694773201D58039D004C986F /* UserMovieCollectionViewCell.xib in Resources */,
				694773211D5803A5004C986F /* RegViewController.xib in Resources */,
				694773181D580375004C986F /* MovieDetailViewController.xib in Resources */,
				6947731A1D58037A004C986F /* LicenseViewController.xib in Resources */,
				6947731F1D58039A004C986F /* PresentViewController.xib in Resources */,
				6947731C1D580384004C986F /* MovieMediaViewController.xib in Resources */,
				694773341D580686004C986F /* Assets.xcassets in Resources */,
				694773331D580684004C986F /* genre.plist in Resources */,
				694773301D58067D004C986F /* term.txt in Resources */,
				6947731D1D580389004C986F /* Main.storyboard in Resources */,
				6947731E1D58038F004C986F /* SearchResultTableViewCell.xib in Resources */,
				6947732C1D580654004C986F /* Assets.bundle in Resources */,
				694773321D580681004C986F /* user.plist in Resources */,
				694773191D580377004C986F /* MovieBackdropCollectionViewCell.xib in Resources */,
				694773311D58067F004C986F /* privacy.txt in Resources */,
				694773221D5803AF004C986F /* LaunchScreen.storyboard in Resources */,
				6947731B1D58037C004C986F /* AboutTableViewController.xib in Resources */,
			);
			runOnlyForDeploymentPostprocessing = 0;
		};
/* End PBXResourcesBuildPhase section */

/* Begin PBXShellScriptBuildPhase section */
		64C5515F09C5321FA5ABA752 /* Embed Pods Frameworks */ = {
			isa = PBXShellScriptBuildPhase;
			buildActionMask = 2147483647;
			files = (
			);
			inputPaths = (
			);
			name = "Embed Pods Frameworks";
			outputPaths = (
			);
			runOnlyForDeploymentPostprocessing = 0;
			shellPath = /bin/sh;
			shellScript = "\"${SRCROOT}/Pods/Target Support Files/Pods-MyMovieApp/Pods-MyMovieApp-frameworks.sh\"\n";
			showEnvVarsInLog = 0;
		};
		7768D8130C8834525463AA84 /* Check Pods Manifest.lock */ = {
			isa = PBXShellScriptBuildPhase;
			buildActionMask = 2147483647;
			files = (
			);
			inputPaths = (
			);
			name = "Check Pods Manifest.lock";
			outputPaths = (
			);
			runOnlyForDeploymentPostprocessing = 0;
			shellPath = /bin/sh;
			shellScript = "diff \"${PODS_ROOT}/../Podfile.lock\" \"${PODS_ROOT}/Manifest.lock\" > /dev/null\nif [[ $? != 0 ]] ; then\n    cat << EOM\nerror: The sandbox is not in sync with the Podfile.lock. Run 'pod install' or update your CocoaPods installation.\nEOM\n    exit 1\nfi\n";
			showEnvVarsInLog = 0;
		};
		8EA1C72735D702114D850DC8 /* Copy Pods Resources */ = {
			isa = PBXShellScriptBuildPhase;
			buildActionMask = 2147483647;
			files = (
			);
			inputPaths = (
			);
			name = "Copy Pods Resources";
			outputPaths = (
			);
			runOnlyForDeploymentPostprocessing = 0;
			shellPath = /bin/sh;
			shellScript = "\"${SRCROOT}/Pods/Target Support Files/Pods-MyMovieApp/Pods-MyMovieApp-resources.sh\"\n";
			showEnvVarsInLog = 0;
		};
/* End PBXShellScriptBuildPhase section */

/* Begin PBXSourcesBuildPhase section */
		690D58401BC0962200406ADA /* Sources */ = {
			isa = PBXSourcesBuildPhase;
			buildActionMask = 2147483647;
			files = (
				69FCCCC31CCF483D0067420B /* MovieMediaViewController.m in Sources */,
				69F580901BC7396900656024 /* Reachability.m in Sources */,
				690D58521BC0962200406ADA /* SecondViewController.m in Sources */,
				69E002DA1CDAF45500F5DBDA /* LoginAlertController.m in Sources */,
				6916137D1CC5F78F0075A55A /* UserMovieCollectionViewCell.m in Sources */,
				690D584C1BC0962200406ADA /* AppDelegate.m in Sources */,
				698006DB1C3CC8B400A1494B /* PresentViewController.m in Sources */,
				694D776F1CE05FB900A1A4F5 /* AboutTableViewController.m in Sources */,
				69585E231D6F9B35007B339B /* DataProcessor.m in Sources */,
				690D584F1BC0962200406ADA /* FirstViewController.m in Sources */,
				6965FFD41CBF4B72009D9AB0 /* RegViewController.m in Sources */,
				699AB2F81C3E3D170066A6C0 /* ThirdViewController.m in Sources */,
				6925B9261CB49BAB0023EDCC /* MovieDetailViewController.m in Sources */,
				69585E1D1D6F9AF9007B339B /* APICommunicator.m in Sources */,
				69F5809B1BC7487300656024 /* Constant.m in Sources */,
				695F0F871CE1A37F00715526 /* LicenseViewController.m in Sources */,
				695FC7F41C3A1B2900AA5B24 /* ViewController.m in Sources */,
				69027DE61CC9F2A900DD6C3A /* MovieBackdropCollectionViewCell.m in Sources */,
				69764BC81C37844900509D09 /* MyMovieApp.xcdatamodeld in Sources */,
				69585E261D6FA1FA007B339B /* LoginRequester.m in Sources */,
				69466A331CC70925002B95B6 /* UserMovieCollectionHeaderView.m in Sources */,
				690D58491BC0962200406ADA /* main.m in Sources */,
				6946E5D01CB330F0007546ED /* SearchResultTableViewCell.m in Sources */,
			);
			runOnlyForDeploymentPostprocessing = 0;
		};
		69CE5EC41D56762D00EC6730 /* Sources */ = {
			isa = PBXSourcesBuildPhase;
			buildActionMask = 2147483647;
			files = (
				6947730F1D5802FC004C986F /* LoginAlertController.m in Sources */,
				6947730C1D5802F4004C986F /* SecondViewController.m in Sources */,
				694773121D580306004C986F /* PresentViewController.m in Sources */,
				694773281D580421004C986F /* Constant.m in Sources */,
				694773141D580310004C986F /* MovieBackdropCollectionViewCell.m in Sources */,
				6947730E1D5802F9004C986F /* ThirdViewController.m in Sources */,
				694773091D5802E7004C986F /* MovieMediaViewController.m in Sources */,
				694773161D580318004C986F /* AboutTableViewController.m in Sources */,
				694773131D580309004C986F /* MovieDetailViewController.m in Sources */,
				6947730B1D5802EE004C986F /* FirstViewController.m in Sources */,
				694773271D58041D004C986F /* Reachability.m in Sources */,
				694773231D580404004C986F /* MyMovieApp.xcdatamodeld in Sources */,
				6947730A1D5802EB004C986F /* ViewController.m in Sources */,
				694773101D580300004C986F /* UserMovieCollectionHeaderView.m in Sources */,
				694773151D580315004C986F /* LicenseViewController.m in Sources */,
				694773171D58031A004C986F /* RegViewController.m in Sources */,
				69CE5ED31D56767E00EC6730 /* FirstViewControllerTest.m in Sources */,
				694773111D580302004C986F /* UserMovieCollectionViewCell.m in Sources */,
				694773291D580426004C986F /* main.m in Sources */,
				6947730D1D5802F6004C986F /* SearchResultTableViewCell.m in Sources */,
			);
			runOnlyForDeploymentPostprocessing = 0;
		};
/* End PBXSourcesBuildPhase section */

/* Begin PBXTargetDependency section */
		69CE5ECE1D56762D00EC6730 /* PBXTargetDependency */ = {
			isa = PBXTargetDependency;
			target = 690D58431BC0962200406ADA /* MyMovieApp */;
			targetProxy = 69CE5ECD1D56762D00EC6730 /* PBXContainerItemProxy */;
		};
/* End PBXTargetDependency section */

/* Begin PBXVariantGroup section */
		690D58531BC0962200406ADA /* Main.storyboard */ = {
			isa = PBXVariantGroup;
			children = (
				690D58541BC0962200406ADA /* Base */,
			);
			name = Main.storyboard;
			sourceTree = "<group>";
		};
		690D58581BC0962200406ADA /* LaunchScreen.storyboard */ = {
			isa = PBXVariantGroup;
			children = (
				690D58591BC0962200406ADA /* Base */,
			);
			name = LaunchScreen.storyboard;
			sourceTree = "<group>";
		};
/* End PBXVariantGroup section */

/* Begin XCBuildConfiguration section */
		690D585C1BC0962200406ADA /* Debug */ = {
			isa = XCBuildConfiguration;
			buildSettings = {
				ALWAYS_SEARCH_USER_PATHS = NO;
				CLANG_CXX_LANGUAGE_STANDARD = "gnu++0x";
				CLANG_CXX_LIBRARY = "libc++";
				CLANG_ENABLE_MODULES = YES;
				CLANG_ENABLE_OBJC_ARC = YES;
				CLANG_WARN_BOOL_CONVERSION = YES;
				CLANG_WARN_CONSTANT_CONVERSION = YES;
				CLANG_WARN_DIRECT_OBJC_ISA_USAGE = YES_ERROR;
				CLANG_WARN_EMPTY_BODY = YES;
				CLANG_WARN_ENUM_CONVERSION = YES;
				CLANG_WARN_INT_CONVERSION = YES;
				CLANG_WARN_OBJC_ROOT_CLASS = YES_ERROR;
				CLANG_WARN_UNREACHABLE_CODE = YES;
				CLANG_WARN__DUPLICATE_METHOD_MATCH = YES;
				CODE_SIGN_IDENTITY = "iPhone Distribution: Yangsheng Zou (M9KWKR5F39)";
				"CODE_SIGN_IDENTITY[sdk=iphoneos*]" = "iPhone Distribution: Yangsheng Zou (M9KWKR5F39)";
				COPY_PHASE_STRIP = NO;
				DEBUG_INFORMATION_FORMAT = dwarf;
				ENABLE_BITCODE = YES;
				ENABLE_STRICT_OBJC_MSGSEND = YES;
				ENABLE_TESTABILITY = YES;
				GCC_C_LANGUAGE_STANDARD = gnu99;
				GCC_DYNAMIC_NO_PIC = NO;
				GCC_NO_COMMON_BLOCKS = YES;
				GCC_OPTIMIZATION_LEVEL = 0;
				GCC_PREPROCESSOR_DEFINITIONS = (
					"DEBUG=1",
					"$(inherited)",
				);
				GCC_WARN_64_TO_32_BIT_CONVERSION = YES;
				GCC_WARN_ABOUT_RETURN_TYPE = YES_ERROR;
				GCC_WARN_UNDECLARED_SELECTOR = YES;
				GCC_WARN_UNINITIALIZED_AUTOS = YES_AGGRESSIVE;
				GCC_WARN_UNUSED_FUNCTION = YES;
				GCC_WARN_UNUSED_VARIABLE = YES;
				HEADER_SEARCH_PATHS = "$(SDKROOT)/usr/include/libxml2 ";
				IPHONEOS_DEPLOYMENT_TARGET = 9.0;
				"LD_MAP_FILE_PATH[arch=*]" = "-lxml2";
				MTL_ENABLE_DEBUG_INFO = YES;
				ONLY_ACTIVE_ARCH = YES;
				PROVISIONING_PROFILE = "";
				SDKROOT = iphoneos;
				TARGETED_DEVICE_FAMILY = "1,2";
				USER_HEADER_SEARCH_PATHS = "$(SDKROOT)/usr/include/libxml2 ";
			};
			name = Debug;
		};
		690D585D1BC0962200406ADA /* Release */ = {
			isa = XCBuildConfiguration;
			buildSettings = {
				ALWAYS_SEARCH_USER_PATHS = NO;
				CLANG_CXX_LANGUAGE_STANDARD = "gnu++0x";
				CLANG_CXX_LIBRARY = "libc++";
				CLANG_ENABLE_MODULES = YES;
				CLANG_ENABLE_OBJC_ARC = YES;
				CLANG_WARN_BOOL_CONVERSION = YES;
				CLANG_WARN_CONSTANT_CONVERSION = YES;
				CLANG_WARN_DIRECT_OBJC_ISA_USAGE = YES_ERROR;
				CLANG_WARN_EMPTY_BODY = YES;
				CLANG_WARN_ENUM_CONVERSION = YES;
				CLANG_WARN_INT_CONVERSION = YES;
				CLANG_WARN_OBJC_ROOT_CLASS = YES_ERROR;
				CLANG_WARN_UNREACHABLE_CODE = YES;
				CLANG_WARN__DUPLICATE_METHOD_MATCH = YES;
				CODE_SIGN_IDENTITY = "iPhone Distribution: Yangsheng Zou (M9KWKR5F39)";
				"CODE_SIGN_IDENTITY[sdk=iphoneos*]" = "iPhone Distribution: Yangsheng Zou (M9KWKR5F39)";
				COPY_PHASE_STRIP = NO;
				DEBUG_INFORMATION_FORMAT = "dwarf-with-dsym";
				ENABLE_BITCODE = YES;
				ENABLE_NS_ASSERTIONS = NO;
				ENABLE_STRICT_OBJC_MSGSEND = YES;
				GCC_C_LANGUAGE_STANDARD = gnu99;
				GCC_NO_COMMON_BLOCKS = YES;
				GCC_WARN_64_TO_32_BIT_CONVERSION = YES;
				GCC_WARN_ABOUT_RETURN_TYPE = YES_ERROR;
				GCC_WARN_UNDECLARED_SELECTOR = YES;
				GCC_WARN_UNINITIALIZED_AUTOS = YES_AGGRESSIVE;
				GCC_WARN_UNUSED_FUNCTION = YES;
				GCC_WARN_UNUSED_VARIABLE = YES;
				HEADER_SEARCH_PATHS = "$(SDKROOT)/usr/include/libxml2 ";
				IPHONEOS_DEPLOYMENT_TARGET = 9.0;
				"LD_MAP_FILE_PATH[arch=*]" = "-lxml2";
				MTL_ENABLE_DEBUG_INFO = NO;
				PROVISIONING_PROFILE = "";
				SDKROOT = iphoneos;
				TARGETED_DEVICE_FAMILY = "1,2";
				USER_HEADER_SEARCH_PATHS = "$(SDKROOT)/usr/include/libxml2 ";
				VALIDATE_PRODUCT = YES;
			};
			name = Release;
		};
		690D585F1BC0962200406ADA /* Debug */ = {
			isa = XCBuildConfiguration;
			baseConfigurationReference = 7E07A5864759464E2E821440 /* Pods-MyMovieApp.debug.xcconfig */;
			buildSettings = {
				ALWAYS_SEARCH_USER_PATHS = YES;
				ASSETCATALOG_COMPILER_APPICON_NAME = AppIcon;
				CODE_SIGN_IDENTITY = "iPhone Developer";
				"CODE_SIGN_IDENTITY[sdk=iphoneos*]" = "iPhone Developer";
				ENABLE_BITCODE = YES;
				INFOPLIST_FILE = MyMovieApp/Info.plist;
				IPHONEOS_DEPLOYMENT_TARGET = 9.3;
				LD_RUNPATH_SEARCH_PATHS = "$(inherited) @executable_path/Frameworks";
				PRODUCT_BUNDLE_IDENTIFIER = com.zys.MovieLib.fresh;
				PRODUCT_NAME = "$(TARGET_NAME)";
				PROVISIONING_PROFILE = "";
				TARGETED_DEVICE_FAMILY = "1,2";
				USER_HEADER_SEARCH_PATHS = "$(SDKROOT)/usr/include/libxml2 ${SRCROOT}/**";
			};
			name = Debug;
		};
		690D58601BC0962200406ADA /* Release */ = {
			isa = XCBuildConfiguration;
			baseConfigurationReference = 8ABB8052FAD66F22F2712F70 /* Pods-MyMovieApp.release.xcconfig */;
			buildSettings = {
				ALWAYS_SEARCH_USER_PATHS = YES;
				ASSETCATALOG_COMPILER_APPICON_NAME = AppIcon;
				CODE_SIGN_IDENTITY = "iPhone Developer";
				"CODE_SIGN_IDENTITY[sdk=iphoneos*]" = "iPhone Developer";
				ENABLE_BITCODE = YES;
				INFOPLIST_FILE = MyMovieApp/Info.plist;
				IPHONEOS_DEPLOYMENT_TARGET = 9.3;
				LD_RUNPATH_SEARCH_PATHS = "$(inherited) @executable_path/Frameworks";
				PRODUCT_BUNDLE_IDENTIFIER = com.zys.MovieLib.fresh;
				PRODUCT_NAME = "$(TARGET_NAME)";
				PROVISIONING_PROFILE = "";
				TARGETED_DEVICE_FAMILY = "1,2";
				USER_HEADER_SEARCH_PATHS = "$(SDKROOT)/usr/include/libxml2 ${SRCROOT}/**";
			};
			name = Release;
		};
		69CE5ED01D56762D00EC6730 /* Debug */ = {
			isa = XCBuildConfiguration;
			baseConfigurationReference = 7E07A5864759464E2E821440 /* Pods-MyMovieApp.debug.xcconfig */;
			buildSettings = {
				BUNDLE_LOADER = "$(TEST_HOST)";
				CLANG_ANALYZER_NONNULL = YES;
				"CODE_SIGN_IDENTITY[sdk=iphoneos*]" = "iPhone Developer";
				INFOPLIST_FILE = MyMovieAppTests/Info.plist;
				IPHONEOS_DEPLOYMENT_TARGET = 9.3;
				LD_RUNPATH_SEARCH_PATHS = "$(inherited) @executable_path/Frameworks @loader_path/Frameworks";
				PRODUCT_BUNDLE_IDENTIFIER = zys.MyMovieAppTests;
				PRODUCT_NAME = "$(TARGET_NAME)";
				TEST_HOST = "$(BUILT_PRODUCTS_DIR)/MyMovieApp.app/MyMovieApp";
			};
			name = Debug;
		};
		69CE5ED11D56762D00EC6730 /* Release */ = {
			isa = XCBuildConfiguration;
			baseConfigurationReference = 8ABB8052FAD66F22F2712F70 /* Pods-MyMovieApp.release.xcconfig */;
			buildSettings = {
				BUNDLE_LOADER = "$(TEST_HOST)";
				CLANG_ANALYZER_NONNULL = YES;
				"CODE_SIGN_IDENTITY[sdk=iphoneos*]" = "iPhone Developer";
				INFOPLIST_FILE = MyMovieAppTests/Info.plist;
				IPHONEOS_DEPLOYMENT_TARGET = 9.3;
				LD_RUNPATH_SEARCH_PATHS = "$(inherited) @executable_path/Frameworks @loader_path/Frameworks";
				PRODUCT_BUNDLE_IDENTIFIER = zys.MyMovieAppTests;
				PRODUCT_NAME = "$(TARGET_NAME)";
				TEST_HOST = "$(BUILT_PRODUCTS_DIR)/MyMovieApp.app/MyMovieApp";
			};
			name = Release;
		};
/* End XCBuildConfiguration section */

/* Begin XCConfigurationList section */
		690D583F1BC0962200406ADA /* Build configuration list for PBXProject "MyMovieApp" */ = {
			isa = XCConfigurationList;
			buildConfigurations = (
				690D585C1BC0962200406ADA /* Debug */,
				690D585D1BC0962200406ADA /* Release */,
			);
			defaultConfigurationIsVisible = 0;
			defaultConfigurationName = Release;
		};
		690D585E1BC0962200406ADA /* Build configuration list for PBXNativeTarget "MyMovieApp" */ = {
			isa = XCConfigurationList;
			buildConfigurations = (
				690D585F1BC0962200406ADA /* Debug */,
				690D58601BC0962200406ADA /* Release */,
			);
			defaultConfigurationIsVisible = 0;
			defaultConfigurationName = Release;
		};
		69CE5ECF1D56762D00EC6730 /* Build configuration list for PBXNativeTarget "MyMovieAppTests" */ = {
			isa = XCConfigurationList;
			buildConfigurations = (
				69CE5ED01D56762D00EC6730 /* Debug */,
				69CE5ED11D56762D00EC6730 /* Release */,
			);
			defaultConfigurationIsVisible = 0;
			defaultConfigurationName = Release;
		};
/* End XCConfigurationList section */

/* Begin XCVersionGroup section */
		69764BC61C37844900509D09 /* MyMovieApp.xcdatamodeld */ = {
			isa = XCVersionGroup;
			children = (
				69764BC71C37844900509D09 /* MyMovieApp.xcdatamodel */,
			);
			currentVersion = 69764BC71C37844900509D09 /* MyMovieApp.xcdatamodel */;
			path = MyMovieApp.xcdatamodeld;
			sourceTree = "<group>";
			versionGroupType = wrapper.xcdatamodel;
		};
/* End XCVersionGroup section */
	};
	rootObject = 690D583C1BC0962200406ADA /* Project object */;
}
